<Solution>
  <Configurations>
    <Platform Name="Any CPU" />
    <Platform Name="x64" />
    <Platform Name="x86" />
  </Configurations>
  <Folder Name="/01 Core/">
    <Project Path="Core.App/Core.App.csproj" Id="01106208-b0fb-4190-bdb7-c068aa1a201c">
      <Platform Solution="*|x64" Project="x64" />
      <Platform Solution="*|x86" Project="x86" />
      <Deploy Solution="Debug|*" />
    </Project>
  </Folder>
  <Folder Name="/02 Services/">
    <Project Path="Services.Shared/Services.Shared.csproj" Id="11691bc6-b227-4ea5-a9a2-ef28e58266f5" />
  </Folder>
  <Folder Name="/03 Data/">
    <Project Path="Data.Accessor/Data.Accessor.csproj" Id="2e48173e-8148-4fba-a617-6e065123f7ab">
      <Platform Solution="*|x64" Project="x64" />
      <Platform Solution="*|x86" Project="x86" />
    </Project>
    <Project Path="Data.Database/Data.Database.csproj" Id="6b4add55-8383-4c4c-a7d6-2968646a7960">
      <Platform Solution="*|x64" Project="x64" />
      <Platform Solution="*|x86" Project="x86" />
    </Project>
  </Folder>
  <Folder Name="/04 Shared/">
    <Project Path="Shared.Enums/Shared.Enums.csproj" Id="0ff81abe-f80d-4f88-9dfd-da2fe1f0e16d">
      <Platform Solution="*|x64" Project="x64" />
      <Platform Solution="*|x86" Project="x86" />
    </Project>
    <Project Path="Shared.Resources/Shared.Resources.csproj" Id="e4dfa3ad-fb5a-4439-88ad-8c6f57ca337e">
      <Platform Solution="*|x64" Project="x64" />
      <Platform Solution="*|x86" Project="x86" />
    </Project>
  </Folder>
  <Folder Name="/Projektmappenelemente/">
    <File Path="Agent.md" />
  </Folder>
</Solution>
